
Microsoft Visual Studio Solution File, Format Version 12.00
# Visual Studio 14
VisualStudioVersion = 14.0.22823.1
MinimumVisualStudioVersion = 10.0.40219.1
Project("{FAE04EC0-301F-11D3-BF4B-00C04F79EFBC}") = "ClusteringAlgorithm", "src\ClusteringAlgorithm.csproj", "{0CF7C99A-0B05-4DF3-BA97-264E705BF25C}"
EndProject
Project("{FAE04EC0-301F-11D3-BF4B-00C04F79EFBC}") = "ClusteringAlgorithm-Portable", "src\ClusteringAlgorithm-Portable.csproj", "{6E922E67-B6A4-48AE-9075-2AD2C83ED6F0}"
EndProject
Project("{FAE04EC0-301F-11D3-BF4B-00C04F79EFBC}") = "PointsClustering", "examples\demo-wpf\PointsClustering.csproj", "{05360543-0071-40B0-8D31-D209F95BE3D7}"
EndProject
Project("{FAE04EC0-301F-11D3-BF4B-00C04F79EFBC}") = "RunoffsClassify", "examples\demo-console\RunoffsClassify.csproj", "{F8E43672-B1DE-41B1-929B-B7F1BD9A6AD9}"
EndProject
Project("{2150E333-8FDC-42A3-9474-1A3956D46DE8}") = "Demo", "Demo", "{4738D726-2C78-4CF5-8655-C977644B4384}"
EndProject
Project("{FAE04EC0-301F-11D3-BF4B-00C04F79EFBC}") = "UnitTest", "test\UnitTest.csproj", "{A13D0BC9-7F7D-4C65-A764-EBEF7FC4FEF0}"
EndProject
Global
	GlobalSection(SolutionConfigurationPlatforms) = preSolution
		Debug|Any CPU = Debug|Any CPU
		Debug|ARM = Debug|ARM
		Debug|x64 = Debug|x64
		Debug|x86 = Debug|x86
		Release|Any CPU = Release|Any CPU
		Release|ARM = Release|ARM
		Release|x64 = Release|x64
		Release|x86 = Release|x86
	EndGlobalSection
	GlobalSection(ProjectConfigurationPlatforms) = postSolution
		{0CF7C99A-0B05-4DF3-BA97-264E705BF25C}.Debug|Any CPU.ActiveCfg = Debug|Any CPU
		{0CF7C99A-0B05-4DF3-BA97-264E705BF25C}.Debug|Any CPU.Build.0 = Debug|Any CPU
		{0CF7C99A-0B05-4DF3-BA97-264E705BF25C}.Debug|ARM.ActiveCfg = Debug|Any CPU
		{0CF7C99A-0B05-4DF3-BA97-264E705BF25C}.Debug|ARM.Build.0 = Debug|Any CPU
		{0CF7C99A-0B05-4DF3-BA97-264E705BF25C}.Debug|x64.ActiveCfg = Debug|Any CPU
		{0CF7C99A-0B05-4DF3-BA97-264E705BF25C}.Debug|x64.Build.0 = Debug|Any CPU
		{0CF7C99A-0B05-4DF3-BA97-264E705BF25C}.Debug|x86.ActiveCfg = Debug|Any CPU
		{0CF7C99A-0B05-4DF3-BA97-264E705BF25C}.Debug|x86.Build.0 = Debug|Any CPU
		{0CF7C99A-0B05-4DF3-BA97-264E705BF25C}.Release|Any CPU.ActiveCfg = Release|Any CPU
		{0CF7C99A-0B05-4DF3-BA97-264E705BF25C}.Release|Any CPU.Build.0 = Release|Any CPU
		{0CF7C99A-0B05-4DF3-BA97-264E705BF25C}.Release|ARM.ActiveCfg = Release|Any CPU
		{0CF7C99A-0B05-4DF3-BA97-264E705BF25C}.Release|ARM.Build.0 = Release|Any CPU
		{0CF7C99A-0B05-4DF3-BA97-264E705BF25C}.Release|x64.ActiveCfg = Release|Any CPU
		{0CF7C99A-0B05-4DF3-BA97-264E705BF25C}.Release|x64.Build.0 = Release|Any CPU
		{0CF7C99A-0B05-4DF3-BA97-264E705BF25C}.Release|x86.ActiveCfg = Release|Any CPU
		{0CF7C99A-0B05-4DF3-BA97-264E705BF25C}.Release|x86.Build.0 = Release|Any CPU
		{6E922E67-B6A4-48AE-9075-2AD2C83ED6F0}.Debug|Any CPU.ActiveCfg = Debug|Any CPU
		{6E922E67-B6A4-48AE-9075-2AD2C83ED6F0}.Debug|Any CPU.Build.0 = Debug|Any CPU
		{6E922E67-B6A4-48AE-9075-2AD2C83ED6F0}.Debug|ARM.ActiveCfg = Debug|Any CPU
		{6E922E67-B6A4-48AE-9075-2AD2C83ED6F0}.Debug|ARM.Build.0 = Debug|Any CPU
		{6E922E67-B6A4-48AE-9075-2AD2C83ED6F0}.Debug|x64.ActiveCfg = Debug|Any CPU
		{6E922E67-B6A4-48AE-9075-2AD2C83ED6F0}.Debug|x64.Build.0 = Debug|Any CPU
		{6E922E67-B6A4-48AE-9075-2AD2C83ED6F0}.Debug|x86.ActiveCfg = Debug|Any CPU
		{6E922E67-B6A4-48AE-9075-2AD2C83ED6F0}.Debug|x86.Build.0 = Debug|Any CPU
		{6E922E67-B6A4-48AE-9075-2AD2C83ED6F0}.Release|Any CPU.ActiveCfg = Release|Any CPU
		{6E922E67-B6A4-48AE-9075-2AD2C83ED6F0}.Release|Any CPU.Build.0 = Release|Any CPU
		{6E922E67-B6A4-48AE-9075-2AD2C83ED6F0}.Release|ARM.ActiveCfg = Release|Any CPU
		{6E922E67-B6A4-48AE-9075-2AD2C83ED6F0}.Release|ARM.Build.0 = Release|Any CPU
		{6E922E67-B6A4-48AE-9075-2AD2C83ED6F0}.Release|x64.ActiveCfg = Release|Any CPU
		{6E922E67-B6A4-48AE-9075-2AD2C83ED6F0}.Release|x64.Build.0 = Release|Any CPU
		{6E922E67-B6A4-48AE-9075-2AD2C83ED6F0}.Release|x86.ActiveCfg = Release|Any CPU
		{6E922E67-B6A4-48AE-9075-2AD2C83ED6F0}.Release|x86.Build.0 = Release|Any CPU
		{05360543-0071-40B0-8D31-D209F95BE3D7}.Debug|Any CPU.ActiveCfg = Debug|Any CPU
		{05360543-0071-40B0-8D31-D209F95BE3D7}.Debug|Any CPU.Build.0 = Debug|Any CPU
		{05360543-0071-40B0-8D31-D209F95BE3D7}.Debug|ARM.ActiveCfg = Debug|Any CPU
		{05360543-0071-40B0-8D31-D209F95BE3D7}.Debug|ARM.Build.0 = Debug|Any CPU
		{05360543-0071-40B0-8D31-D209F95BE3D7}.Debug|x64.ActiveCfg = Debug|Any CPU
		{05360543-0071-40B0-8D31-D209F95BE3D7}.Debug|x64.Build.0 = Debug|Any CPU
		{05360543-0071-40B0-8D31-D209F95BE3D7}.Debug|x86.ActiveCfg = Debug|Any CPU
		{05360543-0071-40B0-8D31-D209F95BE3D7}.Debug|x86.Build.0 = Debug|Any CPU
		{05360543-0071-40B0-8D31-D209F95BE3D7}.Release|Any CPU.ActiveCfg = Release|Any CPU
		{05360543-0071-40B0-8D31-D209F95BE3D7}.Release|Any CPU.Build.0 = Release|Any CPU
		{05360543-0071-40B0-8D31-D209F95BE3D7}.Release|ARM.ActiveCfg = Release|Any CPU
		{05360543-0071-40B0-8D31-D209F95BE3D7}.Release|ARM.Build.0 = Release|Any CPU
		{05360543-0071-40B0-8D31-D209F95BE3D7}.Release|x64.ActiveCfg = Release|Any CPU
		{05360543-0071-40B0-8D31-D209F95BE3D7}.Release|x64.Build.0 = Release|Any CPU
		{05360543-0071-40B0-8D31-D209F95BE3D7}.Release|x86.ActiveCfg = Release|Any CPU
		{05360543-0071-40B0-8D31-D209F95BE3D7}.Release|x86.Build.0 = Release|Any CPU
		{F8E43672-B1DE-41B1-929B-B7F1BD9A6AD9}.Debug|Any CPU.ActiveCfg = Debug|Any CPU
		{F8E43672-B1DE-41B1-929B-B7F1BD9A6AD9}.Debug|Any CPU.Build.0 = Debug|Any CPU
		{F8E43672-B1DE-41B1-929B-B7F1BD9A6AD9}.Debug|ARM.ActiveCfg = Debug|Any CPU
		{F8E43672-B1DE-41B1-929B-B7F1BD9A6AD9}.Debug|ARM.Build.0 = Debug|Any CPU
		{F8E43672-B1DE-41B1-929B-B7F1BD9A6AD9}.Debug|x64.ActiveCfg = Debug|Any CPU
		{F8E43672-B1DE-41B1-929B-B7F1BD9A6AD9}.Debug|x64.Build.0 = Debug|Any CPU
		{F8E43672-B1DE-41B1-929B-B7F1BD9A6AD9}.Debug|x86.ActiveCfg = Debug|Any CPU
		{F8E43672-B1DE-41B1-929B-B7F1BD9A6AD9}.Debug|x86.Build.0 = Debug|Any CPU
		{F8E43672-B1DE-41B1-929B-B7F1BD9A6AD9}.Release|Any CPU.ActiveCfg = Release|Any CPU
		{F8E43672-B1DE-41B1-929B-B7F1BD9A6AD9}.Release|Any CPU.Build.0 = Release|Any CPU
		{F8E43672-B1DE-41B1-929B-B7F1BD9A6AD9}.Release|ARM.ActiveCfg = Release|Any CPU
		{F8E43672-B1DE-41B1-929B-B7F1BD9A6AD9}.Release|ARM.Build.0 = Release|Any CPU
		{F8E43672-B1DE-41B1-929B-B7F1BD9A6AD9}.Release|x64.ActiveCfg = Release|Any CPU
		{F8E43672-B1DE-41B1-929B-B7F1BD9A6AD9}.Release|x64.Build.0 = Release|Any CPU
		{F8E43672-B1DE-41B1-929B-B7F1BD9A6AD9}.Release|x86.ActiveCfg = Release|Any CPU
		{F8E43672-B1DE-41B1-929B-B7F1BD9A6AD9}.Release|x86.Build.0 = Release|Any CPU
		{A13D0BC9-7F7D-4C65-A764-EBEF7FC4FEF0}.Debug|Any CPU.ActiveCfg = Debug|Any CPU
		{A13D0BC9-7F7D-4C65-A764-EBEF7FC4FEF0}.Debug|Any CPU.Build.0 = Debug|Any CPU
		{A13D0BC9-7F7D-4C65-A764-EBEF7FC4FEF0}.Debug|ARM.ActiveCfg = Debug|Any CPU
		{A13D0BC9-7F7D-4C65-A764-EBEF7FC4FEF0}.Debug|ARM.Build.0 = Debug|Any CPU
		{A13D0BC9-7F7D-4C65-A764-EBEF7FC4FEF0}.Debug|x64.ActiveCfg = Debug|Any CPU
		{A13D0BC9-7F7D-4C65-A764-EBEF7FC4FEF0}.Debug|x64.Build.0 = Debug|Any CPU
		{A13D0BC9-7F7D-4C65-A764-EBEF7FC4FEF0}.Debug|x86.ActiveCfg = Debug|Any CPU
		{A13D0BC9-7F7D-4C65-A764-EBEF7FC4FEF0}.Debug|x86.Build.0 = Debug|Any CPU
		{A13D0BC9-7F7D-4C65-A764-EBEF7FC4FEF0}.Release|Any CPU.ActiveCfg = Release|Any CPU
		{A13D0BC9-7F7D-4C65-A764-EBEF7FC4FEF0}.Release|Any CPU.Build.0 = Release|Any CPU
		{A13D0BC9-7F7D-4C65-A764-EBEF7FC4FEF0}.Release|ARM.ActiveCfg = Release|Any CPU
		{A13D0BC9-7F7D-4C65-A764-EBEF7FC4FEF0}.Release|ARM.Build.0 = Release|Any CPU
		{A13D0BC9-7F7D-4C65-A764-EBEF7FC4FEF0}.Release|x64.ActiveCfg = Release|Any CPU
		{A13D0BC9-7F7D-4C65-A764-EBEF7FC4FEF0}.Release|x64.Build.0 = Release|Any CPU
		{A13D0BC9-7F7D-4C65-A764-EBEF7FC4FEF0}.Release|x86.ActiveCfg = Release|Any CPU
		{A13D0BC9-7F7D-4C65-A764-EBEF7FC4FEF0}.Release|x86.Build.0 = Release|Any CPU
	EndGlobalSection
	GlobalSection(SolutionProperties) = preSolution
		HideSolutionNode = FALSE
	EndGlobalSection
	GlobalSection(NestedProjects) = preSolution
		{05360543-0071-40B0-8D31-D209F95BE3D7} = {4738D726-2C78-4CF5-8655-C977644B4384}
		{F8E43672-B1DE-41B1-929B-B7F1BD9A6AD9} = {4738D726-2C78-4CF5-8655-C977644B4384}
	EndGlobalSection
EndGlobal
